
Microsoft Visual Studio Solution File, Format Version 12.00
# Visual Studio Version 17
VisualStudioVersion = 17.1.32421.90
MinimumVisualStudioVersion = 10.0.40219.1
Project("{9A19103F-16F7-4668-BE54-9A1E7A4F7556}") = "finalmq", "finalmq.csproj", "{2FD428EE-614D-44C8-B114-08BC55B5AC76}"
EndProject
Project("{FAE04EC0-301F-11D3-BF4B-00C04F79EFBC}") = "testfinalmq", "test\testfinalmq\testfinalmq.csproj", "{5294621A-B98C-42EE-8623-4BEC806E94A2}"
EndProject
Global
	GlobalSection(SolutionConfigurationPlatforms) = preSolution
		Debug|Any CPU = Debug|Any CPU
		Debug|x64 = Debug|x64
		Release|Any CPU = Release|Any CPU
		Release|x64 = Release|x64
	EndGlobalSection
	GlobalSection(ProjectConfigurationPlatforms) = postSolution
		{2FD428EE-614D-44C8-B114-08BC55B5AC76}.Debug|Any CPU.ActiveCfg = Debug|Any CPU
		{2FD428EE-614D-44C8-B114-08BC55B5AC76}.Debug|Any CPU.Build.0 = Debug|Any CPU
		{2FD428EE-614D-44C8-B114-08BC55B5AC76}.Debug|x64.ActiveCfg = Debug|x64
		{2FD428EE-614D-44C8-B114-08BC55B5AC76}.Debug|x64.Build.0 = Debug|x64
		{2FD428EE-614D-44C8-B114-08BC55B5AC76}.Release|Any CPU.ActiveCfg = Release|Any CPU
		{2FD428EE-614D-44C8-B114-08BC55B5AC76}.Release|Any CPU.Build.0 = Release|Any CPU
		{2FD428EE-614D-44C8-B114-08BC55B5AC76}.Release|x64.ActiveCfg = Release|x64
		{2FD428EE-614D-44C8-B114-08BC55B5AC76}.Release|x64.Build.0 = Release|x64
		{5294621A-B98C-42EE-8623-4BEC806E94A2}.Debug|Any CPU.ActiveCfg = Debug|Any CPU
		{5294621A-B98C-42EE-8623-4BEC806E94A2}.Debug|Any CPU.Build.0 = Debug|Any CPU
		{5294621A-B98C-42EE-8623-4BEC806E94A2}.Debug|x64.ActiveCfg = Debug|Any CPU
		{5294621A-B98C-42EE-8623-4BEC806E94A2}.Debug|x64.Build.0 = Debug|Any CPU
		{5294621A-B98C-42EE-8623-4BEC806E94A2}.Release|Any CPU.ActiveCfg = Release|Any CPU
		{5294621A-B98C-42EE-8623-4BEC806E94A2}.Release|Any CPU.Build.0 = Release|Any CPU
		{5294621A-B98C-42EE-8623-4BEC806E94A2}.Release|x64.ActiveCfg = Release|Any CPU
		{5294621A-B98C-42EE-8623-4BEC806E94A2}.Release|x64.Build.0 = Release|Any CPU
	EndGlobalSection
	GlobalSection(SolutionProperties) = preSolution
		HideSolutionNode = FALSE
	EndGlobalSection
	GlobalSection(ExtensibilityGlobals) = postSolution
		SolutionGuid = {36658E28-01B9-4C8C-8D95-AF21EEF742AE}
	EndGlobalSection
EndGlobal
