
Microsoft Visual Studio Solution File, Format Version 12.00
# Visual Studio Version 17
VisualStudioVersion = 17.1.32421.90
MinimumVisualStudioVersion = 10.0.40219.1
Project("{9A19103F-16F7-4668-BE54-9A1E7A4F7556}") = "finalmq", "finalmq.csproj", "{2FD428EE-614D-44C8-B114-08BC55B5AC76}"
EndProject
Project("{9A19103F-16F7-4668-BE54-9A1E7A4F7556}") = "testfinalmq", "test\testfinalmq\testfinalmq.csproj", "{5294621A-B98C-42EE-8623-4BEC806E94A2}"
EndProject
Project("{9A19103F-16F7-4668-BE54-9A1E7A4F7556}") = "helloworld_server", "..\examples\csharp\helloworld\helloworld_server\helloworld_server.csproj", "{1FEC1D6D-C2C4-4E96-A238-0D22CE58A47A}"
EndProject
Project("{9A19103F-16F7-4668-BE54-9A1E7A4F7556}") = "helloworld_client", "..\examples\csharp\helloworld\helloworld_client\helloworld_client.csproj", "{8BA0357D-D241-4FF4-9721-7297CE4F867E}"
EndProject
Project("{FAE04EC0-301F-11D3-BF4B-00C04F79EFBC}") = "timer_server", "..\examples\csharp\timer\timer_server\timer_server.csproj", "{281E20BD-6DED-4915-92B7-8D31AA32798B}"
EndProject
Project("{FAE04EC0-301F-11D3-BF4B-00C04F79EFBC}") = "timer_client", "..\examples\csharp\timer\timer_client\timer_client.csproj", "{DBD4C26F-DBE8-4046-8DDB-D4172079ED41}"
EndProject
Global
	GlobalSection(SolutionConfigurationPlatforms) = preSolution
		Debug|Any CPU = Debug|Any CPU
		Debug|x64 = Debug|x64
		Release|Any CPU = Release|Any CPU
		Release|x64 = Release|x64
	EndGlobalSection
	GlobalSection(ProjectConfigurationPlatforms) = postSolution
		{2FD428EE-614D-44C8-B114-08BC55B5AC76}.Debug|Any CPU.ActiveCfg = Debug|Any CPU
		{2FD428EE-614D-44C8-B114-08BC55B5AC76}.Debug|Any CPU.Build.0 = Debug|Any CPU
		{2FD428EE-614D-44C8-B114-08BC55B5AC76}.Debug|x64.ActiveCfg = Debug|x64
		{2FD428EE-614D-44C8-B114-08BC55B5AC76}.Debug|x64.Build.0 = Debug|x64
		{2FD428EE-614D-44C8-B114-08BC55B5AC76}.Release|Any CPU.ActiveCfg = Release|Any CPU
		{2FD428EE-614D-44C8-B114-08BC55B5AC76}.Release|Any CPU.Build.0 = Release|Any CPU
		{2FD428EE-614D-44C8-B114-08BC55B5AC76}.Release|x64.ActiveCfg = Release|x64
		{2FD428EE-614D-44C8-B114-08BC55B5AC76}.Release|x64.Build.0 = Release|x64
		{5294621A-B98C-42EE-8623-4BEC806E94A2}.Debug|Any CPU.ActiveCfg = Debug|Any CPU
		{5294621A-B98C-42EE-8623-4BEC806E94A2}.Debug|Any CPU.Build.0 = Debug|Any CPU
		{5294621A-B98C-42EE-8623-4BEC806E94A2}.Debug|x64.ActiveCfg = Debug|Any CPU
		{5294621A-B98C-42EE-8623-4BEC806E94A2}.Debug|x64.Build.0 = Debug|Any CPU
		{5294621A-B98C-42EE-8623-4BEC806E94A2}.Release|Any CPU.ActiveCfg = Release|Any CPU
		{5294621A-B98C-42EE-8623-4BEC806E94A2}.Release|Any CPU.Build.0 = Release|Any CPU
		{5294621A-B98C-42EE-8623-4BEC806E94A2}.Release|x64.ActiveCfg = Release|Any CPU
		{5294621A-B98C-42EE-8623-4BEC806E94A2}.Release|x64.Build.0 = Release|Any CPU
		{1FEC1D6D-C2C4-4E96-A238-0D22CE58A47A}.Debug|Any CPU.ActiveCfg = Debug|Any CPU
		{1FEC1D6D-C2C4-4E96-A238-0D22CE58A47A}.Debug|Any CPU.Build.0 = Debug|Any CPU
		{1FEC1D6D-C2C4-4E96-A238-0D22CE58A47A}.Debug|x64.ActiveCfg = Debug|Any CPU
		{1FEC1D6D-C2C4-4E96-A238-0D22CE58A47A}.Debug|x64.Build.0 = Debug|Any CPU
		{1FEC1D6D-C2C4-4E96-A238-0D22CE58A47A}.Release|Any CPU.ActiveCfg = Release|Any CPU
		{1FEC1D6D-C2C4-4E96-A238-0D22CE58A47A}.Release|Any CPU.Build.0 = Release|Any CPU
		{1FEC1D6D-C2C4-4E96-A238-0D22CE58A47A}.Release|x64.ActiveCfg = Release|Any CPU
		{1FEC1D6D-C2C4-4E96-A238-0D22CE58A47A}.Release|x64.Build.0 = Release|Any CPU
		{8BA0357D-D241-4FF4-9721-7297CE4F867E}.Debug|Any CPU.ActiveCfg = Debug|Any CPU
		{8BA0357D-D241-4FF4-9721-7297CE4F867E}.Debug|Any CPU.Build.0 = Debug|Any CPU
		{8BA0357D-D241-4FF4-9721-7297CE4F867E}.Debug|x64.ActiveCfg = Debug|Any CPU
		{8BA0357D-D241-4FF4-9721-7297CE4F867E}.Debug|x64.Build.0 = Debug|Any CPU
		{8BA0357D-D241-4FF4-9721-7297CE4F867E}.Release|Any CPU.ActiveCfg = Release|Any CPU
		{8BA0357D-D241-4FF4-9721-7297CE4F867E}.Release|Any CPU.Build.0 = Release|Any CPU
		{8BA0357D-D241-4FF4-9721-7297CE4F867E}.Release|x64.ActiveCfg = Release|Any CPU
		{8BA0357D-D241-4FF4-9721-7297CE4F867E}.Release|x64.Build.0 = Release|Any CPU
		{281E20BD-6DED-4915-92B7-8D31AA32798B}.Debug|Any CPU.ActiveCfg = Debug|Any CPU
		{281E20BD-6DED-4915-92B7-8D31AA32798B}.Debug|Any CPU.Build.0 = Debug|Any CPU
		{281E20BD-6DED-4915-92B7-8D31AA32798B}.Debug|x64.ActiveCfg = Debug|Any CPU
		{281E20BD-6DED-4915-92B7-8D31AA32798B}.Debug|x64.Build.0 = Debug|Any CPU
		{281E20BD-6DED-4915-92B7-8D31AA32798B}.Release|Any CPU.ActiveCfg = Release|Any CPU
		{281E20BD-6DED-4915-92B7-8D31AA32798B}.Release|Any CPU.Build.0 = Release|Any CPU
		{281E20BD-6DED-4915-92B7-8D31AA32798B}.Release|x64.ActiveCfg = Release|Any CPU
		{281E20BD-6DED-4915-92B7-8D31AA32798B}.Release|x64.Build.0 = Release|Any CPU
		{DBD4C26F-DBE8-4046-8DDB-D4172079ED41}.Debug|Any CPU.ActiveCfg = Debug|Any CPU
		{DBD4C26F-DBE8-4046-8DDB-D4172079ED41}.Debug|Any CPU.Build.0 = Debug|Any CPU
		{DBD4C26F-DBE8-4046-8DDB-D4172079ED41}.Debug|x64.ActiveCfg = Debug|Any CPU
		{DBD4C26F-DBE8-4046-8DDB-D4172079ED41}.Debug|x64.Build.0 = Debug|Any CPU
		{DBD4C26F-DBE8-4046-8DDB-D4172079ED41}.Release|Any CPU.ActiveCfg = Release|Any CPU
		{DBD4C26F-DBE8-4046-8DDB-D4172079ED41}.Release|Any CPU.Build.0 = Release|Any CPU
		{DBD4C26F-DBE8-4046-8DDB-D4172079ED41}.Release|x64.ActiveCfg = Release|Any CPU
		{DBD4C26F-DBE8-4046-8DDB-D4172079ED41}.Release|x64.Build.0 = Release|Any CPU
	EndGlobalSection
	GlobalSection(SolutionProperties) = preSolution
		HideSolutionNode = FALSE
	EndGlobalSection
	GlobalSection(ExtensibilityGlobals) = postSolution
		SolutionGuid = {36658E28-01B9-4C8C-8D95-AF21EEF742AE}
	EndGlobalSection
EndGlobal
